{
  "name": "vuewing",
  "version": "1.0.0",
  "lockfileVersion": 3,
  "requires": true,
  "packages": {
    "": {
      "name": "vuewing",
      "version": "1.0.0",
      "license": "ISC",
      "dependencies": {
        "vuewing": "^1.0.0"
      }
    },
    "node_modules/vuewing": {
      "version": "1.0.0",
      "resolved": "https://registry.npmjs.org/vuewing/-/vuewing-1.0.0.tgz",
      "integrity": "sha512-lR+kwrwQmM+OOAlYoccLbHldXkDAu3keRTEjWxiS+d4BnIGArQcbnR+7FlO7W1h6Scm7suGpIO818nFBWBO33w=="
    }
  }
}
